// !$*UTF8*$!
{
	archiveVersion = 1;
	classes = {
	};
	objectVersion = 55;
	objects = {

/* Begin PBXBuildFile section */
		4B44998C289D06B3005AB3BB /* WeatherApp.swift in Sources */ = {isa = PBXBuildFile; fileRef = 4B44998B289D06B3005AB3BB /* WeatherApp.swift */; };
		4B44998E289D06B3005AB3BB /* ContentView.swift in Sources */ = {isa = PBXBuildFile; fileRef = 4B44998D289D06B3005AB3BB /* ContentView.swift */; };
		4B449990289D06B4005AB3BB /* Assets.xcassets in Resources */ = {isa = PBXBuildFile; fileRef = 4B44998F289D06B4005AB3BB /* Assets.xcassets */; };
		4B449993289D06B4005AB3BB /* Preview Assets.xcassets in Resources */ = {isa = PBXBuildFile; fileRef = 4B449992289D06B4005AB3BB /* Preview Assets.xcassets */; };
		4B4499A2289D0A86005AB3BB /* Extensions.swift in Sources */ = {isa = PBXBuildFile; fileRef = 4B4499A1289D0A86005AB3BB /* Extensions.swift */; };
		4BF769C9289D0B900098D4D4 /* HomeView.swift in Sources */ = {isa = PBXBuildFile; fileRef = 4BF769C8289D0B900098D4D4 /* HomeView.swift */; };
		4BF769CB289D11540098D4D4 /* TabBar.swift in Sources */ = {isa = PBXBuildFile; fileRef = 4BF769CA289D11540098D4D4 /* TabBar.swift */; };
		4BF769CD289D14140098D4D4 /* Shapes.swift in Sources */ = {isa = PBXBuildFile; fileRef = 4BF769CC289D14140098D4D4 /* Shapes.swift */; };
		4BF769D0289D18040098D4D4 /* BottomSheet in Frameworks */ = {isa = PBXBuildFile; productRef = 4BF769CF289D18040098D4D4 /* BottomSheet */; };
		4BF769D2289D19A00098D4D4 /* ForecastView.swift in Sources */ = {isa = PBXBuildFile; fileRef = 4BF769D1289D19A00098D4D4 /* ForecastView.swift */; };
		4BF769D4289D1BF70098D4D4 /* Blur.swift in Sources */ = {isa = PBXBuildFile; fileRef = 4BF769D3289D1BF70098D4D4 /* Blur.swift */; };
		4BF769D6289D25D80098D4D4 /* SegmentedControl.swift in Sources */ = {isa = PBXBuildFile; fileRef = 4BF769D5289D25D80098D4D4 /* SegmentedControl.swift */; };
		4BF769D8289D2DA70098D4D4 /* ForecastModel.swift in Sources */ = {isa = PBXBuildFile; fileRef = 4BF769D7289D2DA70098D4D4 /* ForecastModel.swift */; };
		4BF769DA289D2E1E0098D4D4 /* ForecastCard.swift in Sources */ = {isa = PBXBuildFile; fileRef = 4BF769D9289D2E1E0098D4D4 /* ForecastCard.swift */; };
		4BF769DC289D39030098D4D4 /* NavigationBar.swift in Sources */ = {isa = PBXBuildFile; fileRef = 4BF769DB289D39030098D4D4 /* NavigationBar.swift */; };
		4BF769DE289D3A7E0098D4D4 /* WeatherView.swift in Sources */ = {isa = PBXBuildFile; fileRef = 4BF769DD289D3A7E0098D4D4 /* WeatherView.swift */; };
		4BF769E0289D3B9B0098D4D4 /* WeatherWidget.swift in Sources */ = {isa = PBXBuildFile; fileRef = 4BF769DF289D3B9B0098D4D4 /* WeatherWidget.swift */; };
/* End PBXBuildFile section */

/* Begin PBXFileReference section */
		4B449988289D06B3005AB3BB /* Weather.app */ = {isa = PBXFileReference; explicitFileType = wrapper.application; includeInIndex = 0; path = Weather.app; sourceTree = BUILT_PRODUCTS_DIR; };
		4B44998B289D06B3005AB3BB /* WeatherApp.swift */ = {isa = PBXFileReference; lastKnownFileType = sourcecode.swift; path = WeatherApp.swift; sourceTree = "<group>"; };
		4B44998D289D06B3005AB3BB /* ContentView.swift */ = {isa = PBXFileReference; lastKnownFileType = sourcecode.swift; path = ContentView.swift; sourceTree = "<group>"; };
		4B44998F289D06B4005AB3BB /* Assets.xcassets */ = {isa = PBXFileReference; lastKnownFileType = folder.assetcatalog; path = Assets.xcassets; sourceTree = "<group>"; };
		4B449992289D06B4005AB3BB /* Preview Assets.xcassets */ = {isa = PBXFileReference; lastKnownFileType = folder.assetcatalog; path = "Preview Assets.xcassets"; sourceTree = "<group>"; };
		4B4499A1289D0A86005AB3BB /* Extensions.swift */ = {isa = PBXFileReference; lastKnownFileType = sourcecode.swift; path = Extensions.swift; sourceTree = "<group>"; };
		4BF769C8289D0B900098D4D4 /* HomeView.swift */ = {isa = PBXFileReference; lastKnownFileType = sourcecode.swift; path = HomeView.swift; sourceTree = "<group>"; };
		4BF769CA289D11540098D4D4 /* TabBar.swift */ = {isa = PBXFileReference; lastKnownFileType = sourcecode.swift; path = TabBar.swift; sourceTree = "<group>"; };
		4BF769CC289D14140098D4D4 /* Shapes.swift */ = {isa = PBXFileReference; lastKnownFileType = sourcecode.swift; path = Shapes.swift; sourceTree = "<group>"; };
		4BF769D1289D19A00098D4D4 /* ForecastView.swift */ = {isa = PBXFileReference; lastKnownFileType = sourcecode.swift; path = ForecastView.swift; sourceTree = "<group>"; };
		4BF769D3289D1BF70098D4D4 /* Blur.swift */ = {isa = PBXFileReference; lastKnownFileType = sourcecode.swift; path = Blur.swift; sourceTree = "<group>"; };
		4BF769D5289D25D80098D4D4 /* SegmentedControl.swift */ = {isa = PBXFileReference; lastKnownFileType = sourcecode.swift; path = SegmentedControl.swift; sourceTree = "<group>"; };
		4BF769D7289D2DA70098D4D4 /* ForecastModel.swift */ = {isa = PBXFileReference; lastKnownFileType = sourcecode.swift; path = ForecastModel.swift; sourceTree = "<group>"; };
		4BF769D9289D2E1E0098D4D4 /* ForecastCard.swift */ = {isa = PBXFileReference; lastKnownFileType = sourcecode.swift; path = ForecastCard.swift; sourceTree = "<group>"; };
		4BF769DB289D39030098D4D4 /* NavigationBar.swift */ = {isa = PBXFileReference; lastKnownFileType = sourcecode.swift; path = NavigationBar.swift; sourceTree = "<group>"; };
		4BF769DD289D3A7E0098D4D4 /* WeatherView.swift */ = {isa = PBXFileReference; lastKnownFileType = sourcecode.swift; path = WeatherView.swift; sourceTree = "<group>"; };
		4BF769DF289D3B9B0098D4D4 /* WeatherWidget.swift */ = {isa = PBXFileReference; lastKnownFileType = sourcecode.swift; path = WeatherWidget.swift; sourceTree = "<group>"; };
/* End PBXFileReference section */

/* Begin PBXFrameworksBuildPhase section */
		4B449985289D06B3005AB3BB /* Frameworks */ = {
			isa = PBXFrameworksBuildPhase;
			buildActionMask = 2147483647;
			files = (
				4BF769D0289D18040098D4D4 /* BottomSheet in Frameworks */,
			);
			runOnlyForDeploymentPostprocessing = 0;
		};
/* End PBXFrameworksBuildPhase section */

/* Begin PBXGroup section */
		4B44997F289D06B3005AB3BB = {
			isa = PBXGroup;
			children = (
				4B44998A289D06B3005AB3BB /* Weather */,
				4B449989289D06B3005AB3BB /* Products */,
			);
			sourceTree = "<group>";
		};
		4B449989289D06B3005AB3BB /* Products */ = {
			isa = PBXGroup;
			children = (
				4B449988289D06B3005AB3BB /* Weather.app */,
			);
			name = Products;
			sourceTree = "<group>";
		};
		4B44998A289D06B3005AB3BB /* Weather */ = {
			isa = PBXGroup;
			children = (
				4B44998B289D06B3005AB3BB /* WeatherApp.swift */,
				4B449999289D092E005AB3BB /* Views */,
				4B44999B289D0945005AB3BB /* Models */,
				4B44999C289D094B005AB3BB /* Utils */,
				4B44998F289D06B4005AB3BB /* Assets.xcassets */,
				4B449991289D06B4005AB3BB /* Preview Content */,
			);
			path = Weather;
			sourceTree = "<group>";
		};
		4B449991289D06B4005AB3BB /* Preview Content */ = {
			isa = PBXGroup;
			children = (
				4B449992289D06B4005AB3BB /* Preview Assets.xcassets */,
			);
			path = "Preview Content";
			sourceTree = "<group>";
		};
		4B449999289D092E005AB3BB /* Views */ = {
			isa = PBXGroup;
			children = (
				4B44999E289D0985005AB3BB /* Main */,
				4B44999D289D097E005AB3BB /* Navigation */,
				4B44999F289D0990005AB3BB /* Detail */,
				4B4499A0289D0997005AB3BB /* Components */,
			);
			path = Views;
			sourceTree = "<group>";
		};
		4B44999B289D0945005AB3BB /* Models */ = {
			isa = PBXGroup;
			children = (
				4BF769D7289D2DA70098D4D4 /* ForecastModel.swift */,
			);
			path = Models;
			sourceTree = "<group>";
		};
		4B44999C289D094B005AB3BB /* Utils */ = {
			isa = PBXGroup;
			children = (
				4B4499A1289D0A86005AB3BB /* Extensions.swift */,
				4BF769CC289D14140098D4D4 /* Shapes.swift */,
			);
			path = Utils;
			sourceTree = "<group>";
		};
		4B44999D289D097E005AB3BB /* Navigation */ = {
			isa = PBXGroup;
			children = (
				4BF769CA289D11540098D4D4 /* TabBar.swift */,
				4BF769DB289D39030098D4D4 /* NavigationBar.swift */,
			);
			path = Navigation;
			sourceTree = "<group>";
		};
		4B44999E289D0985005AB3BB /* Main */ = {
			isa = PBXGroup;
			children = (
				4B44998D289D06B3005AB3BB /* ContentView.swift */,
				4BF769C8289D0B900098D4D4 /* HomeView.swift */,
			);
			path = Main;
			sourceTree = "<group>";
		};
		4B44999F289D0990005AB3BB /* Detail */ = {
			isa = PBXGroup;
			children = (
				4BF769D1289D19A00098D4D4 /* ForecastView.swift */,
				4BF769DD289D3A7E0098D4D4 /* WeatherView.swift */,
			);
			path = Detail;
			sourceTree = "<group>";
		};
		4B4499A0289D0997005AB3BB /* Components */ = {
			isa = PBXGroup;
			children = (
				4BF769D3289D1BF70098D4D4 /* Blur.swift */,
				4BF769D5289D25D80098D4D4 /* SegmentedControl.swift */,
				4BF769D9289D2E1E0098D4D4 /* ForecastCard.swift */,
				4BF769DF289D3B9B0098D4D4 /* WeatherWidget.swift */,
			);
			path = Components;
			sourceTree = "<group>";
		};
/* End PBXGroup section */

/* Begin PBXNativeTarget section */
		4B449987289D06B3005AB3BB /* Weather */ = {
			isa = PBXNativeTarget;
			buildConfigurationList = 4B449996289D06B4005AB3BB /* Build configuration list for PBXNativeTarget "Weather" */;
			buildPhases = (
				4B449984289D06B3005AB3BB /* Sources */,
				4B449985289D06B3005AB3BB /* Frameworks */,
				4B449986289D06B3005AB3BB /* Resources */,
			);
			buildRules = (
			);
			dependencies = (
			);
			name = Weather;
			packageProductDependencies = (
				4BF769CF289D18040098D4D4 /* BottomSheet */,
			);
			productName = Weather;
			productReference = 4B449988289D06B3005AB3BB /* Weather.app */;
			productType = "com.apple.product-type.application";
		};
/* End PBXNativeTarget section */

/* Begin PBXProject section */
		4B449980289D06B3005AB3BB /* Project object */ = {
			isa = PBXProject;
			attributes = {
				BuildIndependentTargetsInParallel = 1;
				LastSwiftUpdateCheck = 1340;
				LastUpgradeCheck = 1340;
				TargetAttributes = {
					4B449987289D06B3005AB3BB = {
						CreatedOnToolsVersion = 13.4.1;
					};
				};
			};
			buildConfigurationList = 4B449983289D06B3005AB3BB /* Build configuration list for PBXProject "Weather" */;
			compatibilityVersion = "Xcode 13.0";
			developmentRegion = en;
			hasScannedForEncodings = 0;
			knownRegions = (
				en,
				Base,
			);
			mainGroup = 4B44997F289D06B3005AB3BB;
			packageReferences = (
				4BF769CE289D18040098D4D4 /* XCRemoteSwiftPackageReference "BottomSheet" */,
			);
			productRefGroup = 4B449989289D06B3005AB3BB /* Products */;
			projectDirPath = "";
			projectRoot = "";
			targets = (
				4B449987289D06B3005AB3BB /* Weather */,
			);
		};
/* End PBXProject section */

/* Begin PBXResourcesBuildPhase section */
		4B449986289D06B3005AB3BB /* Resources */ = {
			isa = PBXResourcesBuildPhase;
			buildActionMask = 2147483647;
			files = (
				4B449993289D06B4005AB3BB /* Preview Assets.xcassets in Resources */,
				4B449990289D06B4005AB3BB /* Assets.xcassets in Resources */,
			);
			runOnlyForDeploymentPostprocessing = 0;
		};
/* End PBXResourcesBuildPhase section */

/* Begin PBXSourcesBuildPhase section */
		4B449984289D06B3005AB3BB /* Sources */ = {
			isa = PBXSourcesBuildPhase;
			buildActionMask = 2147483647;
			files = (
				4BF769E0289D3B9B0098D4D4 /* WeatherWidget.swift in Sources */,
				4BF769DA289D2E1E0098D4D4 /* ForecastCard.swift in Sources */,
				4B44998E289D06B3005AB3BB /* ContentView.swift in Sources */,
				4BF769D6289D25D80098D4D4 /* SegmentedControl.swift in Sources */,
				4BF769C9289D0B900098D4D4 /* HomeView.swift in Sources */,
				4BF769D4289D1BF70098D4D4 /* Blur.swift in Sources */,
				4BF769DE289D3A7E0098D4D4 /* WeatherView.swift in Sources */,
				4B4499A2289D0A86005AB3BB /* Extensions.swift in Sources */,
				4B44998C289D06B3005AB3BB /* WeatherApp.swift in Sources */,
				4BF769D2289D19A00098D4D4 /* ForecastView.swift in Sources */,
				4BF769CB289D11540098D4D4 /* TabBar.swift in Sources */,
				4BF769D8289D2DA70098D4D4 /* ForecastModel.swift in Sources */,
				4BF769CD289D14140098D4D4 /* Shapes.swift in Sources */,
				4BF769DC289D39030098D4D4 /* NavigationBar.swift in Sources */,
			);
			runOnlyForDeploymentPostprocessing = 0;
		};
/* End PBXSourcesBuildPhase section */

/* Begin XCBuildConfiguration section */
		4B449994289D06B4005AB3BB /* Debug */ = {
			isa = XCBuildConfiguration;
			buildSettings = {
				ALWAYS_SEARCH_USER_PATHS = NO;
				CLANG_ANALYZER_NONNULL = YES;
				CLANG_ANALYZER_NUMBER_OBJECT_CONVERSION = YES_AGGRESSIVE;
				CLANG_CXX_LANGUAGE_STANDARD = "gnu++17";
				CLANG_ENABLE_MODULES = YES;
				CLANG_ENABLE_OBJC_ARC = YES;
				CLANG_ENABLE_OBJC_WEAK = YES;
				CLANG_WARN_BLOCK_CAPTURE_AUTORELEASING = YES;
				CLANG_WARN_BOOL_CONVERSION = YES;
				CLANG_WARN_COMMA = YES;
				CLANG_WARN_CONSTANT_CONVERSION = YES;
				CLANG_WARN_DEPRECATED_OBJC_IMPLEMENTATIONS = YES;
				CLANG_WARN_DIRECT_OBJC_ISA_USAGE = YES_ERROR;
				CLANG_WARN_DOCUMENTATION_COMMENTS = YES;
				CLANG_WARN_EMPTY_BODY = YES;
				CLANG_WARN_ENUM_CONVERSION = YES;
				CLANG_WARN_INFINITE_RECURSION = YES;
				CLANG_WARN_INT_CONVERSION = YES;
				CLANG_WARN_NON_LITERAL_NULL_CONVERSION = YES;
				CLANG_WARN_OBJC_IMPLICIT_RETAIN_SELF = YES;
				CLANG_WARN_OBJC_LITERAL_CONVERSION = YES;
				CLANG_WARN_OBJC_ROOT_CLASS = YES_ERROR;
				CLANG_WARN_QUOTED_INCLUDE_IN_FRAMEWORK_HEADER = YES;
				CLANG_WARN_RANGE_LOOP_ANALYSIS = YES;
				CLANG_WARN_STRICT_PROTOTYPES = YES;
				CLANG_WARN_SUSPICIOUS_MOVE = YES;
				CLANG_WARN_UNGUARDED_AVAILABILITY = YES_AGGRESSIVE;
				CLANG_WARN_UNREACHABLE_CODE = YES;
				CLANG_WARN__DUPLICATE_METHOD_MATCH = YES;
				COPY_PHASE_STRIP = NO;
				DEBUG_INFORMATION_FORMAT = dwarf;
				ENABLE_STRICT_OBJC_MSGSEND = YES;
				ENABLE_TESTABILITY = YES;
				GCC_C_LANGUAGE_STANDARD = gnu11;
				GCC_DYNAMIC_NO_PIC = NO;
				GCC_NO_COMMON_BLOCKS = YES;
				GCC_OPTIMIZATION_LEVEL = 0;
				GCC_PREPROCESSOR_DEFINITIONS = (
					"DEBUG=1",
					"$(inherited)",
				);
				GCC_WARN_64_TO_32_BIT_CONVERSION = YES;
				GCC_WARN_ABOUT_RETURN_TYPE = YES_ERROR;
				GCC_WARN_UNDECLARED_SELECTOR = YES;
				GCC_WARN_UNINITIALIZED_AUTOS = YES_AGGRESSIVE;
				GCC_WARN_UNUSED_FUNCTION = YES;
				GCC_WARN_UNUSED_VARIABLE = YES;
				IPHONEOS_DEPLOYMENT_TARGET = 15.5;
				MTL_ENABLE_DEBUG_INFO = INCLUDE_SOURCE;
				MTL_FAST_MATH = YES;
				ONLY_ACTIVE_ARCH = YES;
				SDKROOT = iphoneos;
				SWIFT_ACTIVE_COMPILATION_CONDITIONS = DEBUG;
				SWIFT_OPTIMIZATION_LEVEL = "-Onone";
			};
			name = Debug;
		};
		4B449995289D06B4005AB3BB /* Release */ = {
			isa = XCBuildConfiguration;
			buildSettings = {
				ALWAYS_SEARCH_USER_PATHS = NO;
				CLANG_ANALYZER_NONNULL = YES;
				CLANG_ANALYZER_NUMBER_OBJECT_CONVERSION = YES_AGGRESSIVE;
				CLANG_CXX_LANGUAGE_STANDARD = "gnu++17";
				CLANG_ENABLE_MODULES = YES;
				CLANG_ENABLE_OBJC_ARC = YES;
				CLANG_ENABLE_OBJC_WEAK = YES;
				CLANG_WARN_BLOCK_CAPTURE_AUTORELEASING = YES;
				CLANG_WARN_BOOL_CONVERSION = YES;
				CLANG_WARN_COMMA = YES;
				CLANG_WARN_CONSTANT_CONVERSION = YES;
				CLANG_WARN_DEPRECATED_OBJC_IMPLEMENTATIONS = YES;
				CLANG_WARN_DIRECT_OBJC_ISA_USAGE = YES_ERROR;
				CLANG_WARN_DOCUMENTATION_COMMENTS = YES;
				CLANG_WARN_EMPTY_BODY = YES;
				CLANG_WARN_ENUM_CONVERSION = YES;
				CLANG_WARN_INFINITE_RECURSION = YES;
				CLANG_WARN_INT_CONVERSION = YES;
				CLANG_WARN_NON_LITERAL_NULL_CONVERSION = YES;
				CLANG_WARN_OBJC_IMPLICIT_RETAIN_SELF = YES;
				CLANG_WARN_OBJC_LITERAL_CONVERSION = YES;
				CLANG_WARN_OBJC_ROOT_CLASS = YES_ERROR;
				CLANG_WARN_QUOTED_INCLUDE_IN_FRAMEWORK_HEADER = YES;
				CLANG_WARN_RANGE_LOOP_ANALYSIS = YES;
				CLANG_WARN_STRICT_PROTOTYPES = YES;
				CLANG_WARN_SUSPICIOUS_MOVE = YES;
				CLANG_WARN_UNGUARDED_AVAILABILITY = YES_AGGRESSIVE;
				CLANG_WARN_UNREACHABLE_CODE = YES;
				CLANG_WARN__DUPLICATE_METHOD_MATCH = YES;
				COPY_PHASE_STRIP = NO;
				DEBUG_INFORMATION_FORMAT = "dwarf-with-dsym";
				ENABLE_NS_ASSERTIONS = NO;
				ENABLE_STRICT_OBJC_MSGSEND = YES;
				GCC_C_LANGUAGE_STANDARD = gnu11;
				GCC_NO_COMMON_BLOCKS = YES;
				GCC_WARN_64_TO_32_BIT_CONVERSION = YES;
				GCC_WARN_ABOUT_RETURN_TYPE = YES_ERROR;
				GCC_WARN_UNDECLARED_SELECTOR = YES;
				GCC_WARN_UNINITIALIZED_AUTOS = YES_AGGRESSIVE;
				GCC_WARN_UNUSED_FUNCTION = YES;
				GCC_WARN_UNUSED_VARIABLE = YES;
				IPHONEOS_DEPLOYMENT_TARGET = 15.5;
				MTL_ENABLE_DEBUG_INFO = NO;
				MTL_FAST_MATH = YES;
				SDKROOT = iphoneos;
				SWIFT_COMPILATION_MODE = wholemodule;
				SWIFT_OPTIMIZATION_LEVEL = "-O";
				VALIDATE_PRODUCT = YES;
			};
			name = Release;
		};
		4B449997289D06B4005AB3BB /* Debug */ = {
			isa = XCBuildConfiguration;
			buildSettings = {
				ASSETCATALOG_COMPILER_APPICON_NAME = AppIcon;
				ASSETCATALOG_COMPILER_GLOBAL_ACCENT_COLOR_NAME = AccentColor;
				CODE_SIGN_STYLE = Automatic;
				CURRENT_PROJECT_VERSION = 1;
				DEVELOPMENT_ASSET_PATHS = "\"Weather/Preview Content\"";
				DEVELOPMENT_TEAM = C23DJKFSQA;
				ENABLE_PREVIEWS = YES;
				GENERATE_INFOPLIST_FILE = YES;
				INFOPLIST_KEY_UIApplicationSceneManifest_Generation = YES;
				INFOPLIST_KEY_UIApplicationSupportsIndirectInputEvents = YES;
				INFOPLIST_KEY_UILaunchScreen_Generation = YES;
				INFOPLIST_KEY_UISupportedInterfaceOrientations_iPad = "UIInterfaceOrientationPortrait UIInterfaceOrientationPortraitUpsideDown UIInterfaceOrientationLandscapeLeft UIInterfaceOrientationLandscapeRight";
				INFOPLIST_KEY_UISupportedInterfaceOrientations_iPhone = "UIInterfaceOrientationPortrait UIInterfaceOrientationLandscapeLeft UIInterfaceOrientationLandscapeRight";
				LD_RUNPATH_SEARCH_PATHS = (
					"$(inherited)",
					"@executable_path/Frameworks",
				);
				MARKETING_VERSION = 1.0;
				PRODUCT_BUNDLE_IDENTIFIER = yossibz.Weather;
				PRODUCT_NAME = "$(TARGET_NAME)";
				SWIFT_EMIT_LOC_STRINGS = YES;
				SWIFT_VERSION = 5.0;
				TARGETED_DEVICE_FAMILY = "1,2";
			};
			name = Debug;
		};
		4B449998289D06B4005AB3BB /* Release */ = {
			isa = XCBuildConfiguration;
			buildSettings = {
				ASSETCATALOG_COMPILER_APPICON_NAME = AppIcon;
				ASSETCATALOG_COMPILER_GLOBAL_ACCENT_COLOR_NAME = AccentColor;
				CODE_SIGN_STYLE = Automatic;
				CURRENT_PROJECT_VERSION = 1;
				DEVELOPMENT_ASSET_PATHS = "\"Weather/Preview Content\"";
				DEVELOPMENT_TEAM = C23DJKFSQA;
				ENABLE_PREVIEWS = YES;
				GENERATE_INFOPLIST_FILE = YES;
				INFOPLIST_KEY_UIApplicationSceneManifest_Generation = YES;
				INFOPLIST_KEY_UIApplicationSupportsIndirectInputEvents = YES;
				INFOPLIST_KEY_UILaunchScreen_Generation = YES;
				INFOPLIST_KEY_UISupportedInterfaceOrientations_iPad = "UIInterfaceOrientationPortrait UIInterfaceOrientationPortraitUpsideDown UIInterfaceOrientationLandscapeLeft UIInterfaceOrientationLandscapeRight";
				INFOPLIST_KEY_UISupportedInterfaceOrientations_iPhone = "UIInterfaceOrientationPortrait UIInterfaceOrientationLandscapeLeft UIInterfaceOrientationLandscapeRight";
				LD_RUNPATH_SEARCH_PATHS = (
					"$(inherited)",
					"@executable_path/Frameworks",
				);
				MARKETING_VERSION = 1.0;
				PRODUCT_BUNDLE_IDENTIFIER = yossibz.Weather;
				PRODUCT_NAME = "$(TARGET_NAME)";
				SWIFT_EMIT_LOC_STRINGS = YES;
				SWIFT_VERSION = 5.0;
				TARGETED_DEVICE_FAMILY = "1,2";
			};
			name = Release;
		};
/* End XCBuildConfiguration section */

/* Begin XCConfigurationList section */
		4B449983289D06B3005AB3BB /* Build configuration list for PBXProject "Weather" */ = {
			isa = XCConfigurationList;
			buildConfigurations = (
				4B449994289D06B4005AB3BB /* Debug */,
				4B449995289D06B4005AB3BB /* Release */,
			);
			defaultConfigurationIsVisible = 0;
			defaultConfigurationName = Release;
		};
		4B449996289D06B4005AB3BB /* Build configuration list for PBXNativeTarget "Weather" */ = {
			isa = XCConfigurationList;
			buildConfigurations = (
				4B449997289D06B4005AB3BB /* Debug */,
				4B449998289D06B4005AB3BB /* Release */,
			);
			defaultConfigurationIsVisible = 0;
			defaultConfigurationName = Release;
		};
/* End XCConfigurationList section */

/* Begin XCRemoteSwiftPackageReference section */
		4BF769CE289D18040098D4D4 /* XCRemoteSwiftPackageReference "BottomSheet" */ = {
			isa = XCRemoteSwiftPackageReference;
			repositoryURL = "https://github.com/Wouter125/BottomSheet";
			requirement = {
				kind = upToNextMajorVersion;
				minimumVersion = 1.0.0;
			};
		};
/* End XCRemoteSwiftPackageReference section */

/* Begin XCSwiftPackageProductDependency section */
		4BF769CF289D18040098D4D4 /* BottomSheet */ = {
			isa = XCSwiftPackageProductDependency;
			package = 4BF769CE289D18040098D4D4 /* XCRemoteSwiftPackageReference "BottomSheet" */;
			productName = BottomSheet;
		};
/* End XCSwiftPackageProductDependency section */
	};
	rootObject = 4B449980289D06B3005AB3BB /* Project object */;
}
